github.com/OneOfOne/xxhash v1.2.2 h1:KMrpdQIwFcEqXDklaen+P1axHaj9BSKzvpUUfnHldSE=
github.com/OneOfOne/xxhash v1.2.2/go.mod h1:HSdplMjZKSmBqAxg5vPj2TmRDmfkzw+cTzAElWljhcU=
github.com/buraksezer/consistent v0.10.0 h1:hqBgz1PvNLC5rkWcEBVAL9dFMBWz6I0VgUCW25rrZlU=
github.com/buraksezer/consistent v0.10.0/go.mod h1:6BrVajWq7wbKZlTOUPs/XVfR8c0maujuPowduSpZqmw=
github.com/cespare/xxhash v1.1.0 h1:a6HrQnmkObjyL+Gs60czilIUGqrzKutQD6XZog3p+ko=
github.com/cespare/xxhash v1.1.0/go.mod h1:XrSqR1VqqWfGrhpAt58auRo0WTKS1nRRg3ghfAqPWnc=
github.com/davecgh/go-spew v1.1.1 h1:vj9j/u1bqnvCEfJOwUhtlOARqs3+rkHYY13jYWTU97c=
github.com/go-echarts/go-echarts/v2 v2.3.3 h1:uImZAk6qLkC6F9ju6mZ5SPBqTyK8xjZKwSmwnCg4bxg=
github.com/go-echarts/go-echarts/v2 v2.3.3/go.mod h1:56YlvzhW/a+du15f3S2qUGNDfKnFOeJSThBIrVFHDtI=
github.com/mirokuratczyk/consistent v0.0.0-20240209210432-0137441b9535 h1:hpoCxnJ90SE50yfLszihBY064zWYSTm2iWgdyc9H0ek=
github.com/mirokuratczyk/consistent v0.0.0-20240209210432-0137441b9535/go.mod h1:Wsg0/PweUrQFGxRodN7ZrqmbYbo0FPplJWP1qH9Au6A=
github.com/pmezard/go-difflib v1.0.0 h1:4DBwDE0NGyQoBHbLQYPwSUPoCMWR5BEzIk/f1lZbAQM=
github.com/spaolacci/murmur3 v0.0.0-20180118202830-f09979ecbc72 h1:qLC7fQah7D6K1B0ujays3HV9gkFtllcxhzImRR7ArPQ=
github.com/spaolacci/murmur3 v0.0.0-20180118202830-f09979ecbc72/go.mod h1:JwIasOWyU6f++ZhiEuf87xNszmSA2myDM2Kzu9HwQUA=
github.com/stretchr/testify v1.6.0 h1:jlIyCplCJFULU/01vCkhKuTyc3OorI3bJFuw6obfgho=
gopkg.in/yaml.v3 v3.0.0 h1:hjy8E9ON/egN1tAYqKb61G10WtihqetD4sz2H+8nIeA=
